github.com/Makepad-fr/semver/semver v0.0.0-20240510163019-28f8831d8e0f h1:LIcpsoPZd11wE8W5ulkrSSMEVGCy8dixOMl/eHaxc2U=
github.com/Makepad-fr/semver/semver v0.0.0-20240510163019-28f8831d8e0f/go.mod h1:hdLRKM09tjETgqcHJWwYpoRUO/c0u9keRu/WkYi8EyY=
golang.org/x/text v0.25.0 h1:qVyWApTSYLk/drJRO5mDlNYskwQznZmkpV2c8q9zls4=
golang.org/x/text v0.25.0/go.mod h1:WEdwpYrmk1qmdHvhkSTNPm3app7v4rsT8F2UD6+VHIA=
